
Microsoft Visual Studio Solution File, Format Version 12.00
# Visual Studio 14
VisualStudioVersion = 14.0.22609.0
MinimumVisualStudioVersion = 10.0.40219.1
Project("{2150E333-8FDC-42A3-9474-1A3956D46DE8}") = "src", "src", "{E64C4769-B4A6-4265-80B4-01EBE92BF928}"
EndProject
Project("{2150E333-8FDC-42A3-9474-1A3956D46DE8}") = "Solution Items", "Solution Items", "{F6825A3E-DE1C-4E76-A1CB-8E1BD5BB2943}"
	ProjectSection(SolutionItems) = preProject
		global.json = global.json
	EndProjectSection
EndProject
Project("{8BB2217D-0F2D-49D1-97BC-3654ED321F3B}") = "BaudiService", "src\BaudiService\BaudiService.kproj", "{6D82BBE8-EFF3-42BB-9AB5-295F559A3A8E}"
EndProject
Global
	GlobalSection(SolutionConfigurationPlatforms) = preSolution
		Debug|Any CPU = Debug|Any CPU
		Release|Any CPU = Release|Any CPU
	EndGlobalSection
	GlobalSection(ProjectConfigurationPlatforms) = postSolution
		{6D82BBE8-EFF3-42BB-9AB5-295F559A3A8E}.Debug|Any CPU.ActiveCfg = Debug|Any CPU
		{6D82BBE8-EFF3-42BB-9AB5-295F559A3A8E}.Debug|Any CPU.Build.0 = Debug|Any CPU
		{6D82BBE8-EFF3-42BB-9AB5-295F559A3A8E}.Release|Any CPU.ActiveCfg = Release|Any CPU
		{6D82BBE8-EFF3-42BB-9AB5-295F559A3A8E}.Release|Any CPU.Build.0 = Release|Any CPU
	EndGlobalSection
	GlobalSection(SolutionProperties) = preSolution
		HideSolutionNode = FALSE
	EndGlobalSection
	GlobalSection(NestedProjects) = preSolution
		{6D82BBE8-EFF3-42BB-9AB5-295F559A3A8E} = {E64C4769-B4A6-4265-80B4-01EBE92BF928}
	EndGlobalSection
EndGlobal
