
Microsoft Visual Studio Solution File, Format Version 12.00
# Visual Studio 2013
VisualStudioVersion = 12.0.31101.0
MinimumVisualStudioVersion = 10.0.40219.1
Project("{FAE04EC0-301F-11D3-BF4B-00C04F79EFBC}") = "Baudi.DAL", "Baudi.DAL\Baudi.DAL.csproj", "{B7A196D5-47D7-4467-9F90-038E0148AA33}"
EndProject
Project("{FAE04EC0-301F-11D3-BF4B-00C04F79EFBC}") = "Baudi.Client", "Baudi.Client\Baudi.Client.csproj", "{87E9C7B9-78D1-4370-994B-3AD47B9AAB26}"
EndProject
Global
	GlobalSection(SolutionConfigurationPlatforms) = preSolution
		Debug|Any CPU = Debug|Any CPU
		Release|Any CPU = Release|Any CPU
	EndGlobalSection
	GlobalSection(ProjectConfigurationPlatforms) = postSolution
		{B7A196D5-47D7-4467-9F90-038E0148AA33}.Debug|Any CPU.ActiveCfg = Debug|Any CPU
		{B7A196D5-47D7-4467-9F90-038E0148AA33}.Debug|Any CPU.Build.0 = Debug|Any CPU
		{B7A196D5-47D7-4467-9F90-038E0148AA33}.Release|Any CPU.ActiveCfg = Release|Any CPU
		{B7A196D5-47D7-4467-9F90-038E0148AA33}.Release|Any CPU.Build.0 = Release|Any CPU
		{87E9C7B9-78D1-4370-994B-3AD47B9AAB26}.Debug|Any CPU.ActiveCfg = Debug|Any CPU
		{87E9C7B9-78D1-4370-994B-3AD47B9AAB26}.Debug|Any CPU.Build.0 = Debug|Any CPU
		{87E9C7B9-78D1-4370-994B-3AD47B9AAB26}.Release|Any CPU.ActiveCfg = Release|Any CPU
		{87E9C7B9-78D1-4370-994B-3AD47B9AAB26}.Release|Any CPU.Build.0 = Release|Any CPU
	EndGlobalSection
	GlobalSection(SolutionProperties) = preSolution
		HideSolutionNode = FALSE
	EndGlobalSection
EndGlobal
